Microsoft Visual Studio Solution File, Format Version 12.00
# Visual Studio 2012
Project("{FAE04EC0-301F-11D3-BF4B-00C04F79EFBC}") = "migration", "migration.csproj", "{59B3C50C-18E9-4F8C-A686-C47758ED5A18}"
EndProject
Global
	GlobalSection(SolutionConfigurationPlatforms) = preSolution
	Debug|Any CPU = Debug|Any CPU
	ExportDebug|Any CPU = ExportDebug|Any CPU
	ExportRelease|Any CPU = ExportRelease|Any CPU
	EndGlobalSection
	GlobalSection(ProjectConfigurationPlatforms) = postSolution
		{59B3C50C-18E9-4F8C-A686-C47758ED5A18}.Debug|Any CPU.ActiveCfg = Debug|Any CPU
		{59B3C50C-18E9-4F8C-A686-C47758ED5A18}.Debug|Any CPU.Build.0 = Debug|Any CPU
		{59B3C50C-18E9-4F8C-A686-C47758ED5A18}.ExportDebug|Any CPU.ActiveCfg = ExportDebug|Any CPU
		{59B3C50C-18E9-4F8C-A686-C47758ED5A18}.ExportDebug|Any CPU.Build.0 = ExportDebug|Any CPU
		{59B3C50C-18E9-4F8C-A686-C47758ED5A18}.ExportRelease|Any CPU.ActiveCfg = ExportRelease|Any CPU
		{59B3C50C-18E9-4F8C-A686-C47758ED5A18}.ExportRelease|Any CPU.Build.0 = ExportRelease|Any CPU
	EndGlobalSection
EndGlobal
